
Microsoft Visual Studio Solution File, Format Version 12.00
# Visual Studio Version 17
VisualStudioVersion = 17.3.32929.385
MinimumVisualStudioVersion = 10.0.40219.1
Project("{FAE04EC0-301F-11D3-BF4B-00C04F79EFBC}") = "cercle", "cercle\cercle.csproj", "{7277C677-55B3-4D61-A438-A91B171B1591}"
EndProject
Global
	GlobalSection(SolutionConfigurationPlatforms) = preSolution
		Debug|Any CPU = Debug|Any CPU
		Release|Any CPU = Release|Any CPU
	EndGlobalSection
	GlobalSection(ProjectConfigurationPlatforms) = postSolution
		{7277C677-55B3-4D61-A438-A91B171B1591}.Debug|Any CPU.ActiveCfg = Debug|Any CPU
		{7277C677-55B3-4D61-A438-A91B171B1591}.Debug|Any CPU.Build.0 = Debug|Any CPU
		{7277C677-55B3-4D61-A438-A91B171B1591}.Release|Any CPU.ActiveCfg = Release|Any CPU
		{7277C677-55B3-4D61-A438-A91B171B1591}.Release|Any CPU.Build.0 = Release|Any CPU
	EndGlobalSection
	GlobalSection(SolutionProperties) = preSolution
		HideSolutionNode = FALSE
	EndGlobalSection
	GlobalSection(ExtensibilityGlobals) = postSolution
		SolutionGuid = {EB146E97-A84C-4967-8D1C-D6744E94EAEB}
	EndGlobalSection
EndGlobal
