
Microsoft Visual Studio Solution File, Format Version 12.00
# Visual Studio Version 17
VisualStudioVersion = 17.3.32929.385
MinimumVisualStudioVersion = 10.0.40219.1
Project("{FAE04EC0-301F-11D3-BF4B-00C04F79EFBC}") = "natural_number", "natural_number\natural_number.csproj", "{50805BF7-123B-4876-AB17-B05AE3D3C774}"
EndProject
Global
	GlobalSection(SolutionConfigurationPlatforms) = preSolution
		Debug|Any CPU = Debug|Any CPU
		Release|Any CPU = Release|Any CPU
	EndGlobalSection
	GlobalSection(ProjectConfigurationPlatforms) = postSolution
		{50805BF7-123B-4876-AB17-B05AE3D3C774}.Debug|Any CPU.ActiveCfg = Debug|Any CPU
		{50805BF7-123B-4876-AB17-B05AE3D3C774}.Debug|Any CPU.Build.0 = Debug|Any CPU
		{50805BF7-123B-4876-AB17-B05AE3D3C774}.Release|Any CPU.ActiveCfg = Release|Any CPU
		{50805BF7-123B-4876-AB17-B05AE3D3C774}.Release|Any CPU.Build.0 = Release|Any CPU
	EndGlobalSection
	GlobalSection(SolutionProperties) = preSolution
		HideSolutionNode = FALSE
	EndGlobalSection
	GlobalSection(ExtensibilityGlobals) = postSolution
		SolutionGuid = {B381A162-9B96-4CF2-B953-A27EB3D70276}
	EndGlobalSection
EndGlobal
